// !$*UTF8*$!
{
	archiveVersion = 1;
	classes = {
	};
	objectVersion = 46;
	objects = {

/* Begin PBXBuildFile section */
		1806B6FC1798CF2C0088234C /* CoreData.framework in Frameworks */ = {isa = PBXBuildFile; fileRef = 1806B6FB1798CF2C0088234C /* CoreData.framework */; };
		1806B6FF1798CFD20088234C /* GoGoPiao.xcdatamodeld in Sources */ = {isa = PBXBuildFile; fileRef = 1806B6FD1798CFD20088234C /* GoGoPiao.xcdatamodeld */; };
		1806B70C1798EDF50088234C /* GGRegisterViewController.m in Sources */ = {isa = PBXBuildFile; fileRef = 1806B70A1798EDF50088234C /* GGRegisterViewController.m */; };
		1806B70D1798EDF50088234C /* GGRegisterViewController.xib in Resources */ = {isa = PBXBuildFile; fileRef = 1806B70B1798EDF50088234C /* GGRegisterViewController.xib */; };
		1806B717179900CA0088234C /* QuartzCore.framework in Frameworks */ = {isa = PBXBuildFile; fileRef = 1806B716179900CA0088234C /* QuartzCore.framework */; };
		181F422917DD4A8B00C7CC0F /* nav_bg_line.png in Resources */ = {isa = PBXBuildFile; fileRef = 181F420D17DD4A8B00C7CC0F /* nav_bg_line.png */; };
		181F422A17DD4A8B00C7CC0F /* nav_bg_line@2x.png in Resources */ = {isa = PBXBuildFile; fileRef = 181F420E17DD4A8B00C7CC0F /* nav_bg_line@2x.png */; };
		181F422B17DD4A8B00C7CC0F /* nav_bg.png in Resources */ = {isa = PBXBuildFile; fileRef = 181F420F17DD4A8B00C7CC0F /* nav_bg.png */; };
		181F422C17DD4A8B00C7CC0F /* nav_bg@2x.png in Resources */ = {isa = PBXBuildFile; fileRef = 181F421017DD4A8B00C7CC0F /* nav_bg@2x.png */; };
		181F422D17DD4A8B00C7CC0F /* nav_loginBtn.png in Resources */ = {isa = PBXBuildFile; fileRef = 181F421117DD4A8B00C7CC0F /* nav_loginBtn.png */; };
		181F422E17DD4A8B00C7CC0F /* nav_loginBtn@2x.png in Resources */ = {isa = PBXBuildFile; fileRef = 181F421217DD4A8B00C7CC0F /* nav_loginBtn@2x.png */; };
		181F422F17DD4A8B00C7CC0F /* nav_searchBtn.png in Resources */ = {isa = PBXBuildFile; fileRef = 181F421317DD4A8B00C7CC0F /* nav_searchBtn.png */; };
		181F423017DD4A8B00C7CC0F /* nav_searchBtn@2x.png in Resources */ = {isa = PBXBuildFile; fileRef = 181F421417DD4A8B00C7CC0F /* nav_searchBtn@2x.png */; };
		181F423117DD4A8B00C7CC0F /* nav_trl.png in Resources */ = {isa = PBXBuildFile; fileRef = 181F421517DD4A8B00C7CC0F /* nav_trl.png */; };
		181F423217DD4A8B00C7CC0F /* nav_trl@2x.png in Resources */ = {isa = PBXBuildFile; fileRef = 181F421617DD4A8B00C7CC0F /* nav_trl@2x.png */; };
		181F423317DD4A8B00C7CC0F /* seg_bg_line.png in Resources */ = {isa = PBXBuildFile; fileRef = 181F421717DD4A8B00C7CC0F /* seg_bg_line.png */; };
		181F423417DD4A8B00C7CC0F /* seg_bg_line@2x.png in Resources */ = {isa = PBXBuildFile; fileRef = 181F421817DD4A8B00C7CC0F /* seg_bg_line@2x.png */; };
		181F423917DD4A8B00C7CC0F /* tab_bg.png in Resources */ = {isa = PBXBuildFile; fileRef = 181F421D17DD4A8B00C7CC0F /* tab_bg.png */; };
		181F423A17DD4A8B00C7CC0F /* tab_bg@2x.png in Resources */ = {isa = PBXBuildFile; fileRef = 181F421E17DD4A8B00C7CC0F /* tab_bg@2x.png */; };
		181F424117DD4A8B00C7CC0F /* table_cell_selected.png in Resources */ = {isa = PBXBuildFile; fileRef = 181F422517DD4A8B00C7CC0F /* table_cell_selected.png */; };
		181F424217DD4A8B00C7CC0F /* table_cell_selected@2x.png in Resources */ = {isa = PBXBuildFile; fileRef = 181F422617DD4A8B00C7CC0F /* table_cell_selected@2x.png */; };
		181F424317DD4A8B00C7CC0F /* table_cell.png in Resources */ = {isa = PBXBuildFile; fileRef = 181F422717DD4A8B00C7CC0F /* table_cell.png */; };
		181F424417DD4A8B00C7CC0F /* table_cell@2x.png in Resources */ = {isa = PBXBuildFile; fileRef = 181F422817DD4A8B00C7CC0F /* table_cell@2x.png */; };
		181F424A17DD77C600C7CC0F /* EventTitleView.m in Sources */ = {isa = PBXBuildFile; fileRef = 181F424917DD77C600C7CC0F /* EventTitleView.m */; };
		181F424C17DD77ED00C7CC0F /* EventTitleView.xib in Resources */ = {isa = PBXBuildFile; fileRef = 181F424B17DD77ED00C7CC0F /* EventTitleView.xib */; };
		18292FF817D47C0100A085CB /* GGListingsViewController.m in Sources */ = {isa = PBXBuildFile; fileRef = 18292FF617D47C0000A085CB /* GGListingsViewController.m */; };
		18292FF917D47C0100A085CB /* GGListingsViewController.xib in Resources */ = {isa = PBXBuildFile; fileRef = 18292FF717D47C0100A085CB /* GGListingsViewController.xib */; };
		18292FFD17D47C2B00A085CB /* GGBuyFirstViewController.m in Sources */ = {isa = PBXBuildFile; fileRef = 18292FFB17D47C2A00A085CB /* GGBuyFirstViewController.m */; };
		18292FFE17D47C2B00A085CB /* GGBuyFirstViewController.xib in Resources */ = {isa = PBXBuildFile; fileRef = 18292FFC17D47C2B00A085CB /* GGBuyFirstViewController.xib */; };
		1829300217D47C3900A085CB /* GGBuySecondViewController.m in Sources */ = {isa = PBXBuildFile; fileRef = 1829300017D47C3800A085CB /* GGBuySecondViewController.m */; };
		1829300317D47C3900A085CB /* GGBuySecondViewController.xib in Resources */ = {isa = PBXBuildFile; fileRef = 1829300117D47C3800A085CB /* GGBuySecondViewController.xib */; };
		1829300817D4860F00A085CB /* GGSellFirstViewController.m in Sources */ = {isa = PBXBuildFile; fileRef = 1829300617D4860F00A085CB /* GGSellFirstViewController.m */; };
		1829300917D4860F00A085CB /* GGSellFirstViewController.xib in Resources */ = {isa = PBXBuildFile; fileRef = 1829300717D4860F00A085CB /* GGSellFirstViewController.xib */; };
		1829300D17D4861C00A085CB /* GGSellSecondViewController.m in Sources */ = {isa = PBXBuildFile; fileRef = 1829300B17D4861C00A085CB /* GGSellSecondViewController.m */; };
		1829300E17D4861C00A085CB /* GGSellSecondViewController.xib in Resources */ = {isa = PBXBuildFile; fileRef = 1829300C17D4861C00A085CB /* GGSellSecondViewController.xib */; };
		182CED3A1792960500C23EB4 /* UIKit.framework in Frameworks */ = {isa = PBXBuildFile; fileRef = 182CED391792960500C23EB4 /* UIKit.framework */; };
		182CED3C1792960500C23EB4 /* Foundation.framework in Frameworks */ = {isa = PBXBuildFile; fileRef = 182CED3B1792960500C23EB4 /* Foundation.framework */; };
		182CED3E1792960500C23EB4 /* CoreGraphics.framework in Frameworks */ = {isa = PBXBuildFile; fileRef = 182CED3D1792960500C23EB4 /* CoreGraphics.framework */; };
		182CED441792960500C23EB4 /* InfoPlist.strings in Resources */ = {isa = PBXBuildFile; fileRef = 182CED421792960500C23EB4 /* InfoPlist.strings */; };
		182CED461792960500C23EB4 /* main.m in Sources */ = {isa = PBXBuildFile; fileRef = 182CED451792960500C23EB4 /* main.m */; };
		182CED4A1792960500C23EB4 /* AppDelegate.m in Sources */ = {isa = PBXBuildFile; fileRef = 182CED491792960500C23EB4 /* AppDelegate.m */; };
		182CED4C1792960500C23EB4 /* Default.png in Resources */ = {isa = PBXBuildFile; fileRef = 182CED4B1792960500C23EB4 /* Default.png */; };
		182CED4E1792960500C23EB4 /* Default@2x.png in Resources */ = {isa = PBXBuildFile; fileRef = 182CED4D1792960500C23EB4 /* Default@2x.png */; };
		182CED501792960500C23EB4 /* Default-568h@2x.png in Resources */ = {isa = PBXBuildFile; fileRef = 182CED4F1792960500C23EB4 /* Default-568h@2x.png */; };
		182CED6C1792F70A00C23EB4 /* GGAccountViewController.m in Sources */ = {isa = PBXBuildFile; fileRef = 182CED6A1792F70A00C23EB4 /* GGAccountViewController.m */; };
		182CED6D1792F70A00C23EB4 /* GGAccountViewController.xib in Resources */ = {isa = PBXBuildFile; fileRef = 182CED6B1792F70A00C23EB4 /* GGAccountViewController.xib */; };
		182CED711792F72100C23EB4 /* GGEventViewController.m in Sources */ = {isa = PBXBuildFile; fileRef = 182CED6F1792F72100C23EB4 /* GGEventViewController.m */; };
		182CED721792F72100C23EB4 /* GGEventViewController.xib in Resources */ = {isa = PBXBuildFile; fileRef = 182CED701792F72100C23EB4 /* GGEventViewController.xib */; };
		18359D7C17B75F8200A8B95E /* GGSellingViewController.m in Sources */ = {isa = PBXBuildFile; fileRef = 18359D7A17B75F8100A8B95E /* GGSellingViewController.m */; };
		18359D7D17B75F8200A8B95E /* GGSellingViewController.xib in Resources */ = {isa = PBXBuildFile; fileRef = 18359D7B17B75F8200A8B95E /* GGSellingViewController.xib */; };
		18359D8317B7614800A8B95E /* GGMainViewController.m in Sources */ = {isa = PBXBuildFile; fileRef = 18359D8217B7614800A8B95E /* GGMainViewController.m */; };
		184E750517EBEA0C007963F1 /* search_barBg.png in Resources */ = {isa = PBXBuildFile; fileRef = 184E750117EBEA0C007963F1 /* search_barBg.png */; };
		184E750617EBEA0C007963F1 /* search_barBg@2x.png in Resources */ = {isa = PBXBuildFile; fileRef = 184E750217EBEA0C007963F1 /* search_barBg@2x.png */; };
		184E750717EBEA0C007963F1 /* search_barIcon.png in Resources */ = {isa = PBXBuildFile; fileRef = 184E750317EBEA0C007963F1 /* search_barIcon.png */; };
		184E750817EBEA0C007963F1 /* search_barIcon@2x.png in Resources */ = {isa = PBXBuildFile; fileRef = 184E750417EBEA0C007963F1 /* search_barIcon@2x.png */; };
		1861D75917CF49D5009DD2EA /* GGChooseViewController.m in Sources */ = {isa = PBXBuildFile; fileRef = 1861D75717CF49D5009DD2EA /* GGChooseViewController.m */; };
		1861D75A17CF49D5009DD2EA /* GGChooseViewController.xib in Resources */ = {isa = PBXBuildFile; fileRef = 1861D75817CF49D5009DD2EA /* GGChooseViewController.xib */; };
		186A7795179D176A00240EDF /* GGEventsCell.m in Sources */ = {isa = PBXBuildFile; fileRef = 186A7794179D176A00240EDF /* GGEventsCell.m */; };
		187ABED117A2161200113C80 /* CYTableDataSource.m in Sources */ = {isa = PBXBuildFile; fileRef = 187ABED017A2161200113C80 /* CYTableDataSource.m */; };
		187FE96517D5C872009A6C95 /* Constants.m in Sources */ = {isa = PBXBuildFile; fileRef = 187FE96417D5C872009A6C95 /* Constants.m */; };
		18843C2317D6F4960023490F /* GGEventsCell.xib in Resources */ = {isa = PBXBuildFile; fileRef = 18843C2217D6F4960023490F /* GGEventsCell.xib */; };
		1892D2CC17EBDE1000436555 /* UIBarButtonItem+ProjectButton.m in Sources */ = {isa = PBXBuildFile; fileRef = 1892D2CB17EBDE1000436555 /* UIBarButtonItem+ProjectButton.m */; };
		1892D2D217EBE70000436555 /* UISearchBar+ProjectSearchBar.m in Sources */ = {isa = PBXBuildFile; fileRef = 1892D2D117EBE70000436555 /* UISearchBar+ProjectSearchBar.m */; };
		1892D2D517EC192500436555 /* NSString+Encryption.m in Sources */ = {isa = PBXBuildFile; fileRef = 1892D2D417EC192500436555 /* NSString+Encryption.m */; };
		18957B6217C8511D00009FE9 /* GGMoreViewController.m in Sources */ = {isa = PBXBuildFile; fileRef = 18957B6017C8511D00009FE9 /* GGMoreViewController.m */; };
		18957B6317C8511D00009FE9 /* GGMoreViewController.xib in Resources */ = {isa = PBXBuildFile; fileRef = 18957B6117C8511D00009FE9 /* GGMoreViewController.xib */; };
		18957B6B17C863C200009FE9 /* EventSearched.m in Sources */ = {isa = PBXBuildFile; fileRef = 18957B6A17C863C200009FE9 /* EventSearched.m */; };
		18957B7017C8941800009FE9 /* GGEventSearchResultsViewController.m in Sources */ = {isa = PBXBuildFile; fileRef = 18957B6E17C8941700009FE9 /* GGEventSearchResultsViewController.m */; };
		18957B7117C8941800009FE9 /* GGEventSearchResultsViewController.xib in Resources */ = {isa = PBXBuildFile; fileRef = 18957B6F17C8941700009FE9 /* GGEventSearchResultsViewController.xib */; };
		189F448417B8B96900D9275B /* GGEventSearchViewController.m in Sources */ = {isa = PBXBuildFile; fileRef = 189F448217B8B96800D9275B /* GGEventSearchViewController.m */; };
		189F448517B8B96900D9275B /* GGEventSearchViewController.xib in Resources */ = {isa = PBXBuildFile; fileRef = 189F448317B8B96900D9275B /* GGEventSearchViewController.xib */; };
		189F448817B8C1F000D9275B /* GGListingsCell.m in Sources */ = {isa = PBXBuildFile; fileRef = 189F448717B8C1F000D9275B /* GGListingsCell.m */; };
		189F448A17B8C20300D9275B /* GGListingsCell.xib in Resources */ = {isa = PBXBuildFile; fileRef = 189F448917B8C20300D9275B /* GGListingsCell.xib */; };
		18B8C07017EF23C500DBBDE8 /* cancelWhite.png in Resources */ = {isa = PBXBuildFile; fileRef = 18B8C06E17EF23C500DBBDE8 /* cancelWhite.png */; };
		18B8C07117EF23C500DBBDE8 /* cancelWhite@2x.png in Resources */ = {isa = PBXBuildFile; fileRef = 18B8C06F17EF23C500DBBDE8 /* cancelWhite@2x.png */; };
		18B8C07817EF246C00DBBDE8 /* icon_cc.png in Resources */ = {isa = PBXBuildFile; fileRef = 18B8C07217EF246C00DBBDE8 /* icon_cc.png */; };
		18B8C07917EF246C00DBBDE8 /* icon_cc@2x.png in Resources */ = {isa = PBXBuildFile; fileRef = 18B8C07317EF246C00DBBDE8 /* icon_cc@2x.png */; };
		18B8C07A17EF246C00DBBDE8 /* icon_mr.png in Resources */ = {isa = PBXBuildFile; fileRef = 18B8C07417EF246C00DBBDE8 /* icon_mr.png */; };
		18B8C07B17EF246C00DBBDE8 /* icon_mr@2x.png in Resources */ = {isa = PBXBuildFile; fileRef = 18B8C07517EF246C00DBBDE8 /* icon_mr@2x.png */; };
		18B8C07C17EF246C00DBBDE8 /* icon_wd.png in Resources */ = {isa = PBXBuildFile; fileRef = 18B8C07617EF246C00DBBDE8 /* icon_wd.png */; };
		18B8C07D17EF246C00DBBDE8 /* icon_wd@2x.png in Resources */ = {isa = PBXBuildFile; fileRef = 18B8C07717EF246C00DBBDE8 /* icon_wd@2x.png */; };
		18B8C08217EF24D400DBBDE8 /* seg_normalBtn.png in Resources */ = {isa = PBXBuildFile; fileRef = 18B8C07E17EF24D400DBBDE8 /* seg_normalBtn.png */; };
		18B8C08317EF24D400DBBDE8 /* seg_normalBtn@2x.png in Resources */ = {isa = PBXBuildFile; fileRef = 18B8C07F17EF24D400DBBDE8 /* seg_normalBtn@2x.png */; };
		18B8C08417EF24D400DBBDE8 /* seg_selectedBtn.png in Resources */ = {isa = PBXBuildFile; fileRef = 18B8C08017EF24D400DBBDE8 /* seg_selectedBtn.png */; };
		18B8C08517EF24D400DBBDE8 /* seg_selectedBtn@2x.png in Resources */ = {isa = PBXBuildFile; fileRef = 18B8C08117EF24D400DBBDE8 /* seg_selectedBtn@2x.png */; };
		18BEA591179FC719005CB108 /* GGLoginViewController.m in Sources */ = {isa = PBXBuildFile; fileRef = 18BEA58F179FC719005CB108 /* GGLoginViewController.m */; };
		18BEA592179FC719005CB108 /* GGLoginViewController.xib in Resources */ = {isa = PBXBuildFile; fileRef = 18BEA590179FC719005CB108 /* GGLoginViewController.xib */; };
		18D1523917BBB75B00841C11 /* GGEventSearchCell.m in Sources */ = {isa = PBXBuildFile; fileRef = 18D1523817BBB75B00841C11 /* GGEventSearchCell.m */; };
		18D1523B17BBB76F00841C11 /* GGEventSearchCell.xib in Resources */ = {isa = PBXBuildFile; fileRef = 18D1523A17BBB76F00841C11 /* GGEventSearchCell.xib */; };
		18D269D817DEC0AD006B7B5B /* nav_backBtn.png in Resources */ = {isa = PBXBuildFile; fileRef = 18D269D617DEC0AD006B7B5B /* nav_backBtn.png */; };
		18D269D917DEC0AD006B7B5B /* nav_backBtn@2x.png in Resources */ = {isa = PBXBuildFile; fileRef = 18D269D717DEC0AD006B7B5B /* nav_backBtn@2x.png */; };
		18D269E217DEC0BC006B7B5B /* search_bg_line.png in Resources */ = {isa = PBXBuildFile; fileRef = 18D269DC17DEC0BC006B7B5B /* search_bg_line.png */; };
		18D269E317DEC0BC006B7B5B /* search_bg_line@2x.png in Resources */ = {isa = PBXBuildFile; fileRef = 18D269DD17DEC0BC006B7B5B /* search_bg_line@2x.png */; };
		18D269E417DEC0BC006B7B5B /* search_bg.png in Resources */ = {isa = PBXBuildFile; fileRef = 18D269DE17DEC0BC006B7B5B /* search_bg.png */; };
		18D269E517DEC0BC006B7B5B /* search_bg@2x.png in Resources */ = {isa = PBXBuildFile; fileRef = 18D269DF17DEC0BC006B7B5B /* search_bg@2x.png */; };
		18D269E917DEC0E3006B7B5B /* nav_info.png in Resources */ = {isa = PBXBuildFile; fileRef = 18D269E717DEC0E3006B7B5B /* nav_info.png */; };
		18D269EA17DEC0E3006B7B5B /* nav_info@2x.png in Resources */ = {isa = PBXBuildFile; fileRef = 18D269E817DEC0E3006B7B5B /* nav_info@2x.png */; };
		18D269F317DEC0F6006B7B5B /* buyBtn_nocv.png in Resources */ = {isa = PBXBuildFile; fileRef = 18D269EB17DEC0F6006B7B5B /* buyBtn_nocv.png */; };
		18D269F417DEC0F6006B7B5B /* buyBtn_nocv@2x.png in Resources */ = {isa = PBXBuildFile; fileRef = 18D269EC17DEC0F6006B7B5B /* buyBtn_nocv@2x.png */; };
		18D269F517DEC0F6006B7B5B /* buyBtn.png in Resources */ = {isa = PBXBuildFile; fileRef = 18D269ED17DEC0F6006B7B5B /* buyBtn.png */; };
		18D269F617DEC0F6006B7B5B /* buyBtn@2x.png in Resources */ = {isa = PBXBuildFile; fileRef = 18D269EE17DEC0F6006B7B5B /* buyBtn@2x.png */; };
		18D269F717DEC0F6006B7B5B /* saleBtn_nocv.png in Resources */ = {isa = PBXBuildFile; fileRef = 18D269EF17DEC0F6006B7B5B /* saleBtn_nocv.png */; };
		18D269F817DEC0F6006B7B5B /* saleBtn_nocv@2x.png in Resources */ = {isa = PBXBuildFile; fileRef = 18D269F017DEC0F6006B7B5B /* saleBtn_nocv@2x.png */; };
		18D269F917DEC0F6006B7B5B /* saleBtn.png in Resources */ = {isa = PBXBuildFile; fileRef = 18D269F117DEC0F6006B7B5B /* saleBtn.png */; };
		18D269FA17DEC0F6006B7B5B /* saleBtn@2x.png in Resources */ = {isa = PBXBuildFile; fileRef = 18D269F217DEC0F6006B7B5B /* saleBtn@2x.png */; };
		18D269FE17DEC15D006B7B5B /* nav_checkBtn.png in Resources */ = {isa = PBXBuildFile; fileRef = 18D269FC17DEC15D006B7B5B /* nav_checkBtn.png */; };
		18D269FF17DEC15D006B7B5B /* nav_checkBtn@2x.png in Resources */ = {isa = PBXBuildFile; fileRef = 18D269FD17DEC15D006B7B5B /* nav_checkBtn@2x.png */; };
		18D26A0217DEC1BA006B7B5B /* nav_shadow.png in Resources */ = {isa = PBXBuildFile; fileRef = 18D26A0017DEC1BA006B7B5B /* nav_shadow.png */; };
		18D26A0317DEC1BA006B7B5B /* nav_shadow@2x.png in Resources */ = {isa = PBXBuildFile; fileRef = 18D26A0117DEC1BA006B7B5B /* nav_shadow@2x.png */; };
		18D26A0617DEC1D4006B7B5B /* tab_indicator.png in Resources */ = {isa = PBXBuildFile; fileRef = 18D26A0417DEC1D4006B7B5B /* tab_indicator.png */; };
		18D26A0717DEC1D4006B7B5B /* tab_indicator@2x.png in Resources */ = {isa = PBXBuildFile; fileRef = 18D26A0517DEC1D4006B7B5B /* tab_indicator@2x.png */; };
		18D26A0B17DF0B69006B7B5B /* img_placeholder.png in Resources */ = {isa = PBXBuildFile; fileRef = 18D26A0A17DF0B68006B7B5B /* img_placeholder.png */; };
		18D93A8717DC2E1300F2CC33 /* RefreshArrow.png in Resources */ = {isa = PBXBuildFile; fileRef = 18D93A8317DC2E1300F2CC33 /* RefreshArrow.png */; };
		18D93A8817DC2E1300F2CC33 /* RefreshArrow@2x.png in Resources */ = {isa = PBXBuildFile; fileRef = 18D93A8417DC2E1300F2CC33 /* RefreshArrow@2x.png */; };
		18D93AA517DC839A00F2CC33 /* EGORefreshTableHeaderView.m in Sources */ = {isa = PBXBuildFile; fileRef = 18D93AA417DC839A00F2CC33 /* EGORefreshTableHeaderView.m */; settings = {COMPILER_FLAGS = "-fno-objc-arc"; }; };
		18DF281417E050E2008466F4 /* GGFilterViewController.m in Sources */ = {isa = PBXBuildFile; fileRef = 18DF281217E050E2008466F4 /* GGFilterViewController.m */; };
		18DF281517E050E2008466F4 /* GGFilterViewController.xib in Resources */ = {isa = PBXBuildFile; fileRef = 18DF281317E050E2008466F4 /* GGFilterViewController.xib */; };
		18DF281817E05497008466F4 /* FilterDataSource.m in Sources */ = {isa = PBXBuildFile; fileRef = 18DF281717E05497008466F4 /* FilterDataSource.m */; };
		290A4B84453149ADB9B15F85 /* libPods.a in Frameworks */ = {isa = PBXBuildFile; fileRef = 492F2180B4DF4903B3FA911F /* libPods.a */; };
/* End PBXBuildFile section */

/* Begin PBXFileReference section */
		1806B6FB1798CF2C0088234C /* CoreData.framework */ = {isa = PBXFileReference; lastKnownFileType = wrapper.framework; name = CoreData.framework; path = System/Library/Frameworks/CoreData.framework; sourceTree = SDKROOT; };
		1806B6FE1798CFD20088234C /* GoGoPiao.xcdatamodel */ = {isa = PBXFileReference; lastKnownFileType = wrapper.xcdatamodel; path = GoGoPiao.xcdatamodel; sourceTree = "<group>"; };
		1806B7091798EDF50088234C /* GGRegisterViewController.h */ = {isa = PBXFileReference; fileEncoding = 4; lastKnownFileType = sourcecode.c.h; path = GGRegisterViewController.h; sourceTree = "<group>"; };
		1806B70A1798EDF50088234C /* GGRegisterViewController.m */ = {isa = PBXFileReference; fileEncoding = 4; lastKnownFileType = sourcecode.c.objc; path = GGRegisterViewController.m; sourceTree = "<group>"; };
		1806B70B1798EDF50088234C /* GGRegisterViewController.xib */ = {isa = PBXFileReference; fileEncoding = 4; lastKnownFileType = file.xib; path = GGRegisterViewController.xib; sourceTree = "<group>"; };
		1806B716179900CA0088234C /* QuartzCore.framework */ = {isa = PBXFileReference; lastKnownFileType = wrapper.framework; name = QuartzCore.framework; path = System/Library/Frameworks/QuartzCore.framework; sourceTree = SDKROOT; };
		181F420D17DD4A8B00C7CC0F /* nav_bg_line.png */ = {isa = PBXFileReference; lastKnownFileType = image.png; path = nav_bg_line.png; sourceTree = "<group>"; };
		181F420E17DD4A8B00C7CC0F /* nav_bg_line@2x.png */ = {isa = PBXFileReference; lastKnownFileType = image.png; path = "nav_bg_line@2x.png"; sourceTree = "<group>"; };
		181F420F17DD4A8B00C7CC0F /* nav_bg.png */ = {isa = PBXFileReference; lastKnownFileType = image.png; path = nav_bg.png; sourceTree = "<group>"; };
		181F421017DD4A8B00C7CC0F /* nav_bg@2x.png */ = {isa = PBXFileReference; lastKnownFileType = image.png; path = "nav_bg@2x.png"; sourceTree = "<group>"; };
		181F421117DD4A8B00C7CC0F /* nav_loginBtn.png */ = {isa = PBXFileReference; lastKnownFileType = image.png; path = nav_loginBtn.png; sourceTree = "<group>"; };
		181F421217DD4A8B00C7CC0F /* nav_loginBtn@2x.png */ = {isa = PBXFileReference; lastKnownFileType = image.png; path = "nav_loginBtn@2x.png"; sourceTree = "<group>"; };
		181F421317DD4A8B00C7CC0F /* nav_searchBtn.png */ = {isa = PBXFileReference; lastKnownFileType = image.png; path = nav_searchBtn.png; sourceTree = "<group>"; };
		181F421417DD4A8B00C7CC0F /* nav_searchBtn@2x.png */ = {isa = PBXFileReference; lastKnownFileType = image.png; path = "nav_searchBtn@2x.png"; sourceTree = "<group>"; };
		181F421517DD4A8B00C7CC0F /* nav_trl.png */ = {isa = PBXFileReference; lastKnownFileType = image.png; path = nav_trl.png; sourceTree = "<group>"; };
		181F421617DD4A8B00C7CC0F /* nav_trl@2x.png */ = {isa = PBXFileReference; lastKnownFileType = image.png; path = "nav_trl@2x.png"; sourceTree = "<group>"; };
		181F421717DD4A8B00C7CC0F /* seg_bg_line.png */ = {isa = PBXFileReference; lastKnownFileType = image.png; path = seg_bg_line.png; sourceTree = "<group>"; };
		181F421817DD4A8B00C7CC0F /* seg_bg_line@2x.png */ = {isa = PBXFileReference; lastKnownFileType = image.png; path = "seg_bg_line@2x.png"; sourceTree = "<group>"; };
		181F421D17DD4A8B00C7CC0F /* tab_bg.png */ = {isa = PBXFileReference; lastKnownFileType = image.png; path = tab_bg.png; sourceTree = "<group>"; };
		181F421E17DD4A8B00C7CC0F /* tab_bg@2x.png */ = {isa = PBXFileReference; lastKnownFileType = image.png; path = "tab_bg@2x.png"; sourceTree = "<group>"; };
		181F422517DD4A8B00C7CC0F /* table_cell_selected.png */ = {isa = PBXFileReference; lastKnownFileType = image.png; path = table_cell_selected.png; sourceTree = "<group>"; };
		181F422617DD4A8B00C7CC0F /* table_cell_selected@2x.png */ = {isa = PBXFileReference; lastKnownFileType = image.png; path = "table_cell_selected@2x.png"; sourceTree = "<group>"; };
		181F422717DD4A8B00C7CC0F /* table_cell.png */ = {isa = PBXFileReference; lastKnownFileType = image.png; path = table_cell.png; sourceTree = "<group>"; };
		181F422817DD4A8B00C7CC0F /* table_cell@2x.png */ = {isa = PBXFileReference; lastKnownFileType = image.png; path = "table_cell@2x.png"; sourceTree = "<group>"; };
		181F424817DD77C600C7CC0F /* EventTitleView.h */ = {isa = PBXFileReference; fileEncoding = 4; lastKnownFileType = sourcecode.c.h; path = EventTitleView.h; sourceTree = "<group>"; };
		181F424917DD77C600C7CC0F /* EventTitleView.m */ = {isa = PBXFileReference; fileEncoding = 4; lastKnownFileType = sourcecode.c.objc; path = EventTitleView.m; sourceTree = "<group>"; };
		181F424B17DD77ED00C7CC0F /* EventTitleView.xib */ = {isa = PBXFileReference; fileEncoding = 4; lastKnownFileType = file.xib; path = EventTitleView.xib; sourceTree = "<group>"; };
		18292FF517D47C0000A085CB /* GGListingsViewController.h */ = {isa = PBXFileReference; fileEncoding = 4; lastKnownFileType = sourcecode.c.h; path = GGListingsViewController.h; sourceTree = "<group>"; };
		18292FF617D47C0000A085CB /* GGListingsViewController.m */ = {isa = PBXFileReference; fileEncoding = 4; lastKnownFileType = sourcecode.c.objc; path = GGListingsViewController.m; sourceTree = "<group>"; };
		18292FF717D47C0100A085CB /* GGListingsViewController.xib */ = {isa = PBXFileReference; fileEncoding = 4; lastKnownFileType = file.xib; path = GGListingsViewController.xib; sourceTree = "<group>"; };
		18292FFA17D47C2A00A085CB /* GGBuyFirstViewController.h */ = {isa = PBXFileReference; fileEncoding = 4; lastKnownFileType = sourcecode.c.h; path = GGBuyFirstViewController.h; sourceTree = "<group>"; };
		18292FFB17D47C2A00A085CB /* GGBuyFirstViewController.m */ = {isa = PBXFileReference; fileEncoding = 4; lastKnownFileType = sourcecode.c.objc; path = GGBuyFirstViewController.m; sourceTree = "<group>"; };
		18292FFC17D47C2B00A085CB /* GGBuyFirstViewController.xib */ = {isa = PBXFileReference; fileEncoding = 4; lastKnownFileType = file.xib; path = GGBuyFirstViewController.xib; sourceTree = "<group>"; };
		18292FFF17D47C3800A085CB /* GGBuySecondViewController.h */ = {isa = PBXFileReference; fileEncoding = 4; lastKnownFileType = sourcecode.c.h; path = GGBuySecondViewController.h; sourceTree = "<group>"; };
		1829300017D47C3800A085CB /* GGBuySecondViewController.m */ = {isa = PBXFileReference; fileEncoding = 4; lastKnownFileType = sourcecode.c.objc; path = GGBuySecondViewController.m; sourceTree = "<group>"; };
		1829300117D47C3800A085CB /* GGBuySecondViewController.xib */ = {isa = PBXFileReference; fileEncoding = 4; lastKnownFileType = file.xib; path = GGBuySecondViewController.xib; sourceTree = "<group>"; };
		1829300517D4860E00A085CB /* GGSellFirstViewController.h */ = {isa = PBXFileReference; fileEncoding = 4; lastKnownFileType = sourcecode.c.h; path = GGSellFirstViewController.h; sourceTree = "<group>"; };
		1829300617D4860F00A085CB /* GGSellFirstViewController.m */ = {isa = PBXFileReference; fileEncoding = 4; lastKnownFileType = sourcecode.c.objc; path = GGSellFirstViewController.m; sourceTree = "<group>"; };
		1829300717D4860F00A085CB /* GGSellFirstViewController.xib */ = {isa = PBXFileReference; fileEncoding = 4; lastKnownFileType = file.xib; path = GGSellFirstViewController.xib; sourceTree = "<group>"; };
		1829300A17D4861C00A085CB /* GGSellSecondViewController.h */ = {isa = PBXFileReference; fileEncoding = 4; lastKnownFileType = sourcecode.c.h; path = GGSellSecondViewController.h; sourceTree = "<group>"; };
		1829300B17D4861C00A085CB /* GGSellSecondViewController.m */ = {isa = PBXFileReference; fileEncoding = 4; lastKnownFileType = sourcecode.c.objc; path = GGSellSecondViewController.m; sourceTree = "<group>"; };
		1829300C17D4861C00A085CB /* GGSellSecondViewController.xib */ = {isa = PBXFileReference; fileEncoding = 4; lastKnownFileType = file.xib; path = GGSellSecondViewController.xib; sourceTree = "<group>"; };
		182CED361792960500C23EB4 /* GoGoPiao.app */ = {isa = PBXFileReference; explicitFileType = wrapper.application; includeInIndex = 0; path = GoGoPiao.app; sourceTree = BUILT_PRODUCTS_DIR; };
		182CED391792960500C23EB4 /* UIKit.framework */ = {isa = PBXFileReference; lastKnownFileType = wrapper.framework; name = UIKit.framework; path = System/Library/Frameworks/UIKit.framework; sourceTree = SDKROOT; };
		182CED3B1792960500C23EB4 /* Foundation.framework */ = {isa = PBXFileReference; lastKnownFileType = wrapper.framework; name = Foundation.framework; path = System/Library/Frameworks/Foundation.framework; sourceTree = SDKROOT; };
		182CED3D1792960500C23EB4 /* CoreGraphics.framework */ = {isa = PBXFileReference; lastKnownFileType = wrapper.framework; name = CoreGraphics.framework; path = System/Library/Frameworks/CoreGraphics.framework; sourceTree = SDKROOT; };
		182CED411792960500C23EB4 /* GoGoPiao-Info.plist */ = {isa = PBXFileReference; lastKnownFileType = text.plist.xml; path = "GoGoPiao-Info.plist"; sourceTree = "<group>"; };
		182CED431792960500C23EB4 /* en */ = {isa = PBXFileReference; lastKnownFileType = text.plist.strings; name = en; path = en.lproj/InfoPlist.strings; sourceTree = "<group>"; };
		182CED451792960500C23EB4 /* main.m */ = {isa = PBXFileReference; lastKnownFileType = sourcecode.c.objc; path = main.m; sourceTree = "<group>"; };
		182CED471792960500C23EB4 /* GoGoPiao-Prefix.pch */ = {isa = PBXFileReference; lastKnownFileType = sourcecode.c.h; path = "GoGoPiao-Prefix.pch"; sourceTree = "<group>"; };
		182CED481792960500C23EB4 /* AppDelegate.h */ = {isa = PBXFileReference; lastKnownFileType = sourcecode.c.h; path = AppDelegate.h; sourceTree = "<group>"; };
		182CED491792960500C23EB4 /* AppDelegate.m */ = {isa = PBXFileReference; lastKnownFileType = sourcecode.c.objc; path = AppDelegate.m; sourceTree = "<group>"; };
		182CED4B1792960500C23EB4 /* Default.png */ = {isa = PBXFileReference; lastKnownFileType = image.png; path = Default.png; sourceTree = "<group>"; };
		182CED4D1792960500C23EB4 /* Default@2x.png */ = {isa = PBXFileReference; lastKnownFileType = image.png; path = "Default@2x.png"; sourceTree = "<group>"; };
		182CED4F1792960500C23EB4 /* Default-568h@2x.png */ = {isa = PBXFileReference; lastKnownFileType = image.png; path = "Default-568h@2x.png"; sourceTree = "<group>"; };
		182CED691792F70A00C23EB4 /* GGAccountViewController.h */ = {isa = PBXFileReference; fileEncoding = 4; lastKnownFileType = sourcecode.c.h; path = GGAccountViewController.h; sourceTree = "<group>"; };
		182CED6A1792F70A00C23EB4 /* GGAccountViewController.m */ = {isa = PBXFileReference; fileEncoding = 4; lastKnownFileType = sourcecode.c.objc; path = GGAccountViewController.m; sourceTree = "<group>"; };
		182CED6B1792F70A00C23EB4 /* GGAccountViewController.xib */ = {isa = PBXFileReference; fileEncoding = 4; lastKnownFileType = file.xib; path = GGAccountViewController.xib; sourceTree = "<group>"; };
		182CED6E1792F72100C23EB4 /* GGEventViewController.h */ = {isa = PBXFileReference; fileEncoding = 4; lastKnownFileType = sourcecode.c.h; path = GGEventViewController.h; sourceTree = "<group>"; };
		182CED6F1792F72100C23EB4 /* GGEventViewController.m */ = {isa = PBXFileReference; fileEncoding = 4; lastKnownFileType = sourcecode.c.objc; path = GGEventViewController.m; sourceTree = "<group>"; };
		182CED701792F72100C23EB4 /* GGEventViewController.xib */ = {isa = PBXFileReference; fileEncoding = 4; lastKnownFileType = file.xib; path = GGEventViewController.xib; sourceTree = "<group>"; };
		18359D7917B75F8100A8B95E /* GGSellingViewController.h */ = {isa = PBXFileReference; fileEncoding = 4; lastKnownFileType = sourcecode.c.h; path = GGSellingViewController.h; sourceTree = "<group>"; };
		18359D7A17B75F8100A8B95E /* GGSellingViewController.m */ = {isa = PBXFileReference; fileEncoding = 4; lastKnownFileType = sourcecode.c.objc; path = GGSellingViewController.m; sourceTree = "<group>"; };
		18359D7B17B75F8200A8B95E /* GGSellingViewController.xib */ = {isa = PBXFileReference; fileEncoding = 4; lastKnownFileType = file.xib; path = GGSellingViewController.xib; sourceTree = "<group>"; };
		18359D8117B7614800A8B95E /* GGMainViewController.h */ = {isa = PBXFileReference; fileEncoding = 4; lastKnownFileType = sourcecode.c.h; path = GGMainViewController.h; sourceTree = "<group>"; };
		18359D8217B7614800A8B95E /* GGMainViewController.m */ = {isa = PBXFileReference; fileEncoding = 4; lastKnownFileType = sourcecode.c.objc; path = GGMainViewController.m; sourceTree = "<group>"; };
		184E750117EBEA0C007963F1 /* search_barBg.png */ = {isa = PBXFileReference; lastKnownFileType = image.png; path = search_barBg.png; sourceTree = "<group>"; };
		184E750217EBEA0C007963F1 /* search_barBg@2x.png */ = {isa = PBXFileReference; lastKnownFileType = image.png; path = "search_barBg@2x.png"; sourceTree = "<group>"; };
		184E750317EBEA0C007963F1 /* search_barIcon.png */ = {isa = PBXFileReference; lastKnownFileType = image.png; path = search_barIcon.png; sourceTree = "<group>"; };
		184E750417EBEA0C007963F1 /* search_barIcon@2x.png */ = {isa = PBXFileReference; lastKnownFileType = image.png; path = "search_barIcon@2x.png"; sourceTree = "<group>"; };
		1861D75617CF49D5009DD2EA /* GGChooseViewController.h */ = {isa = PBXFileReference; fileEncoding = 4; lastKnownFileType = sourcecode.c.h; path = GGChooseViewController.h; sourceTree = "<group>"; };
		1861D75717CF49D5009DD2EA /* GGChooseViewController.m */ = {isa = PBXFileReference; fileEncoding = 4; lastKnownFileType = sourcecode.c.objc; path = GGChooseViewController.m; sourceTree = "<group>"; };
		1861D75817CF49D5009DD2EA /* GGChooseViewController.xib */ = {isa = PBXFileReference; fileEncoding = 4; lastKnownFileType = file.xib; path = GGChooseViewController.xib; sourceTree = "<group>"; };
		186A7793179D176A00240EDF /* GGEventsCell.h */ = {isa = PBXFileReference; fileEncoding = 4; lastKnownFileType = sourcecode.c.h; path = GGEventsCell.h; sourceTree = "<group>"; };
		186A7794179D176A00240EDF /* GGEventsCell.m */ = {isa = PBXFileReference; fileEncoding = 4; lastKnownFileType = sourcecode.c.objc; path = GGEventsCell.m; sourceTree = "<group>"; };
		187ABECF17A2161200113C80 /* CYTableDataSource.h */ = {isa = PBXFileReference; fileEncoding = 4; lastKnownFileType = sourcecode.c.h; path = CYTableDataSource.h; sourceTree = "<group>"; };
		187ABED017A2161200113C80 /* CYTableDataSource.m */ = {isa = PBXFileReference; fileEncoding = 4; lastKnownFileType = sourcecode.c.objc; path = CYTableDataSource.m; sourceTree = "<group>"; };
		187FE96317D5C872009A6C95 /* Constants.h */ = {isa = PBXFileReference; fileEncoding = 4; lastKnownFileType = sourcecode.c.h; path = Constants.h; sourceTree = "<group>"; };
		187FE96417D5C872009A6C95 /* Constants.m */ = {isa = PBXFileReference; fileEncoding = 4; lastKnownFileType = sourcecode.c.objc; path = Constants.m; sourceTree = "<group>"; };
		18843C2217D6F4960023490F /* GGEventsCell.xib */ = {isa = PBXFileReference; fileEncoding = 4; lastKnownFileType = file.xib; path = GGEventsCell.xib; sourceTree = "<group>"; };
		1892D2CA17EBDE1000436555 /* UIBarButtonItem+ProjectButton.h */ = {isa = PBXFileReference; fileEncoding = 4; lastKnownFileType = sourcecode.c.h; path = "UIBarButtonItem+ProjectButton.h"; sourceTree = "<group>"; };
		1892D2CB17EBDE1000436555 /* UIBarButtonItem+ProjectButton.m */ = {isa = PBXFileReference; fileEncoding = 4; lastKnownFileType = sourcecode.c.objc; path = "UIBarButtonItem+ProjectButton.m"; sourceTree = "<group>"; };
		1892D2D017EBE70000436555 /* UISearchBar+ProjectSearchBar.h */ = {isa = PBXFileReference; fileEncoding = 4; lastKnownFileType = sourcecode.c.h; path = "UISearchBar+ProjectSearchBar.h"; sourceTree = "<group>"; };
		1892D2D117EBE70000436555 /* UISearchBar+ProjectSearchBar.m */ = {isa = PBXFileReference; fileEncoding = 4; lastKnownFileType = sourcecode.c.objc; path = "UISearchBar+ProjectSearchBar.m"; sourceTree = "<group>"; };
		1892D2D317EC192500436555 /* NSString+Encryption.h */ = {isa = PBXFileReference; fileEncoding = 4; lastKnownFileType = sourcecode.c.h; path = "NSString+Encryption.h"; sourceTree = "<group>"; };
		1892D2D417EC192500436555 /* NSString+Encryption.m */ = {isa = PBXFileReference; fileEncoding = 4; lastKnownFileType = sourcecode.c.objc; path = "NSString+Encryption.m"; sourceTree = "<group>"; };
		18957B5F17C8511D00009FE9 /* GGMoreViewController.h */ = {isa = PBXFileReference; fileEncoding = 4; lastKnownFileType = sourcecode.c.h; path = GGMoreViewController.h; sourceTree = "<group>"; };
		18957B6017C8511D00009FE9 /* GGMoreViewController.m */ = {isa = PBXFileReference; fileEncoding = 4; lastKnownFileType = sourcecode.c.objc; path = GGMoreViewController.m; sourceTree = "<group>"; };
		18957B6117C8511D00009FE9 /* GGMoreViewController.xib */ = {isa = PBXFileReference; fileEncoding = 4; lastKnownFileType = file.xib; path = GGMoreViewController.xib; sourceTree = "<group>"; };
		18957B6917C863C200009FE9 /* EventSearched.h */ = {isa = PBXFileReference; fileEncoding = 4; lastKnownFileType = sourcecode.c.h; path = EventSearched.h; sourceTree = "<group>"; };
		18957B6A17C863C200009FE9 /* EventSearched.m */ = {isa = PBXFileReference; fileEncoding = 4; lastKnownFileType = sourcecode.c.objc; path = EventSearched.m; sourceTree = "<group>"; };
		18957B6D17C8941600009FE9 /* GGEventSearchResultsViewController.h */ = {isa = PBXFileReference; fileEncoding = 4; lastKnownFileType = sourcecode.c.h; path = GGEventSearchResultsViewController.h; sourceTree = "<group>"; };
		18957B6E17C8941700009FE9 /* GGEventSearchResultsViewController.m */ = {isa = PBXFileReference; fileEncoding = 4; lastKnownFileType = sourcecode.c.objc; path = GGEventSearchResultsViewController.m; sourceTree = "<group>"; };
		18957B6F17C8941700009FE9 /* GGEventSearchResultsViewController.xib */ = {isa = PBXFileReference; fileEncoding = 4; lastKnownFileType = file.xib; path = GGEventSearchResultsViewController.xib; sourceTree = "<group>"; };
		189F448117B8B96800D9275B /* GGEventSearchViewController.h */ = {isa = PBXFileReference; fileEncoding = 4; lastKnownFileType = sourcecode.c.h; path = GGEventSearchViewController.h; sourceTree = "<group>"; };
		189F448217B8B96800D9275B /* GGEventSearchViewController.m */ = {isa = PBXFileReference; fileEncoding = 4; lastKnownFileType = sourcecode.c.objc; path = GGEventSearchViewController.m; sourceTree = "<group>"; };
		189F448317B8B96900D9275B /* GGEventSearchViewController.xib */ = {isa = PBXFileReference; fileEncoding = 4; lastKnownFileType = file.xib; path = GGEventSearchViewController.xib; sourceTree = "<group>"; };
		189F448617B8C1F000D9275B /* GGListingsCell.h */ = {isa = PBXFileReference; fileEncoding = 4; lastKnownFileType = sourcecode.c.h; path = GGListingsCell.h; sourceTree = "<group>"; };
		189F448717B8C1F000D9275B /* GGListingsCell.m */ = {isa = PBXFileReference; fileEncoding = 4; lastKnownFileType = sourcecode.c.objc; path = GGListingsCell.m; sourceTree = "<group>"; };
		189F448917B8C20300D9275B /* GGListingsCell.xib */ = {isa = PBXFileReference; fileEncoding = 4; lastKnownFileType = file.xib; path = GGListingsCell.xib; sourceTree = "<group>"; };
		18B8C06E17EF23C500DBBDE8 /* cancelWhite.png */ = {isa = PBXFileReference; lastKnownFileType = image.png; path = cancelWhite.png; sourceTree = "<group>"; };
		18B8C06F17EF23C500DBBDE8 /* cancelWhite@2x.png */ = {isa = PBXFileReference; lastKnownFileType = image.png; path = "cancelWhite@2x.png"; sourceTree = "<group>"; };
		18B8C07217EF246C00DBBDE8 /* icon_cc.png */ = {isa = PBXFileReference; lastKnownFileType = image.png; path = icon_cc.png; sourceTree = "<group>"; };
		18B8C07317EF246C00DBBDE8 /* icon_cc@2x.png */ = {isa = PBXFileReference; lastKnownFileType = image.png; path = "icon_cc@2x.png"; sourceTree = "<group>"; };
		18B8C07417EF246C00DBBDE8 /* icon_mr.png */ = {isa = PBXFileReference; lastKnownFileType = image.png; path = icon_mr.png; sourceTree = "<group>"; };
		18B8C07517EF246C00DBBDE8 /* icon_mr@2x.png */ = {isa = PBXFileReference; lastKnownFileType = image.png; path = "icon_mr@2x.png"; sourceTree = "<group>"; };
		18B8C07617EF246C00DBBDE8 /* icon_wd.png */ = {isa = PBXFileReference; lastKnownFileType = image.png; path = icon_wd.png; sourceTree = "<group>"; };
		18B8C07717EF246C00DBBDE8 /* icon_wd@2x.png */ = {isa = PBXFileReference; lastKnownFileType = image.png; path = "icon_wd@2x.png"; sourceTree = "<group>"; };
		18B8C07E17EF24D400DBBDE8 /* seg_normalBtn.png */ = {isa = PBXFileReference; lastKnownFileType = image.png; path = seg_normalBtn.png; sourceTree = "<group>"; };
		18B8C07F17EF24D400DBBDE8 /* seg_normalBtn@2x.png */ = {isa = PBXFileReference; lastKnownFileType = image.png; path = "seg_normalBtn@2x.png"; sourceTree = "<group>"; };
		18B8C08017EF24D400DBBDE8 /* seg_selectedBtn.png */ = {isa = PBXFileReference; lastKnownFileType = image.png; path = seg_selectedBtn.png; sourceTree = "<group>"; };
		18B8C08117EF24D400DBBDE8 /* seg_selectedBtn@2x.png */ = {isa = PBXFileReference; lastKnownFileType = image.png; path = "seg_selectedBtn@2x.png"; sourceTree = "<group>"; };
		18BEA58E179FC719005CB108 /* GGLoginViewController.h */ = {isa = PBXFileReference; fileEncoding = 4; lastKnownFileType = sourcecode.c.h; path = GGLoginViewController.h; sourceTree = "<group>"; };
		18BEA58F179FC719005CB108 /* GGLoginViewController.m */ = {isa = PBXFileReference; fileEncoding = 4; lastKnownFileType = sourcecode.c.objc; path = GGLoginViewController.m; sourceTree = "<group>"; };
		18BEA590179FC719005CB108 /* GGLoginViewController.xib */ = {isa = PBXFileReference; fileEncoding = 4; lastKnownFileType = file.xib; path = GGLoginViewController.xib; sourceTree = "<group>"; };
		18D1523717BBB75B00841C11 /* GGEventSearchCell.h */ = {isa = PBXFileReference; fileEncoding = 4; lastKnownFileType = sourcecode.c.h; path = GGEventSearchCell.h; sourceTree = "<group>"; };
		18D1523817BBB75B00841C11 /* GGEventSearchCell.m */ = {isa = PBXFileReference; fileEncoding = 4; lastKnownFileType = sourcecode.c.objc; path = GGEventSearchCell.m; sourceTree = "<group>"; };
		18D1523A17BBB76F00841C11 /* GGEventSearchCell.xib */ = {isa = PBXFileReference; fileEncoding = 4; lastKnownFileType = file.xib; path = GGEventSearchCell.xib; sourceTree = "<group>"; };
		18D269D617DEC0AD006B7B5B /* nav_backBtn.png */ = {isa = PBXFileReference; lastKnownFileType = image.png; path = nav_backBtn.png; sourceTree = "<group>"; };
		18D269D717DEC0AD006B7B5B /* nav_backBtn@2x.png */ = {isa = PBXFileReference; lastKnownFileType = image.png; path = "nav_backBtn@2x.png"; sourceTree = "<group>"; };
		18D269DC17DEC0BC006B7B5B /* search_bg_line.png */ = {isa = PBXFileReference; lastKnownFileType = image.png; path = search_bg_line.png; sourceTree = "<group>"; };
		18D269DD17DEC0BC006B7B5B /* search_bg_line@2x.png */ = {isa = PBXFileReference; lastKnownFileType = image.png; path = "search_bg_line@2x.png"; sourceTree = "<group>"; };
		18D269DE17DEC0BC006B7B5B /* search_bg.png */ = {isa = PBXFileReference; lastKnownFileType = image.png; path = search_bg.png; sourceTree = "<group>"; };
		18D269DF17DEC0BC006B7B5B /* search_bg@2x.png */ = {isa = PBXFileReference; lastKnownFileType = image.png; path = "search_bg@2x.png"; sourceTree = "<group>"; };
		18D269E717DEC0E3006B7B5B /* nav_info.png */ = {isa = PBXFileReference; lastKnownFileType = image.png; path = nav_info.png; sourceTree = "<group>"; };
		18D269E817DEC0E3006B7B5B /* nav_info@2x.png */ = {isa = PBXFileReference; lastKnownFileType = image.png; path = "nav_info@2x.png"; sourceTree = "<group>"; };
		18D269EB17DEC0F6006B7B5B /* buyBtn_nocv.png */ = {isa = PBXFileReference; lastKnownFileType = image.png; path = buyBtn_nocv.png; sourceTree = "<group>"; };
		18D269EC17DEC0F6006B7B5B /* buyBtn_nocv@2x.png */ = {isa = PBXFileReference; lastKnownFileType = image.png; path = "buyBtn_nocv@2x.png"; sourceTree = "<group>"; };
		18D269ED17DEC0F6006B7B5B /* buyBtn.png */ = {isa = PBXFileReference; lastKnownFileType = image.png; path = buyBtn.png; sourceTree = "<group>"; };
		18D269EE17DEC0F6006B7B5B /* buyBtn@2x.png */ = {isa = PBXFileReference; lastKnownFileType = image.png; path = "buyBtn@2x.png"; sourceTree = "<group>"; };
		18D269EF17DEC0F6006B7B5B /* saleBtn_nocv.png */ = {isa = PBXFileReference; lastKnownFileType = image.png; path = saleBtn_nocv.png; sourceTree = "<group>"; };
		18D269F017DEC0F6006B7B5B /* saleBtn_nocv@2x.png */ = {isa = PBXFileReference; lastKnownFileType = image.png; path = "saleBtn_nocv@2x.png"; sourceTree = "<group>"; };
		18D269F117DEC0F6006B7B5B /* saleBtn.png */ = {isa = PBXFileReference; lastKnownFileType = image.png; path = saleBtn.png; sourceTree = "<group>"; };
		18D269F217DEC0F6006B7B5B /* saleBtn@2x.png */ = {isa = PBXFileReference; lastKnownFileType = image.png; path = "saleBtn@2x.png"; sourceTree = "<group>"; };
		18D269FC17DEC15D006B7B5B /* nav_checkBtn.png */ = {isa = PBXFileReference; lastKnownFileType = image.png; path = nav_checkBtn.png; sourceTree = "<group>"; };
		18D269FD17DEC15D006B7B5B /* nav_checkBtn@2x.png */ = {isa = PBXFileReference; lastKnownFileType = image.png; path = "nav_checkBtn@2x.png"; sourceTree = "<group>"; };
		18D26A0017DEC1BA006B7B5B /* nav_shadow.png */ = {isa = PBXFileReference; lastKnownFileType = image.png; path = nav_shadow.png; sourceTree = "<group>"; };
		18D26A0117DEC1BA006B7B5B /* nav_shadow@2x.png */ = {isa = PBXFileReference; lastKnownFileType = image.png; path = "nav_shadow@2x.png"; sourceTree = "<group>"; };
		18D26A0417DEC1D4006B7B5B /* tab_indicator.png */ = {isa = PBXFileReference; lastKnownFileType = image.png; path = tab_indicator.png; sourceTree = "<group>"; };
		18D26A0517DEC1D4006B7B5B /* tab_indicator@2x.png */ = {isa = PBXFileReference; lastKnownFileType = image.png; path = "tab_indicator@2x.png"; sourceTree = "<group>"; };
		18D26A0A17DF0B68006B7B5B /* img_placeholder.png */ = {isa = PBXFileReference; lastKnownFileType = image.png; path = img_placeholder.png; sourceTree = "<group>"; };
		18D93A8317DC2E1300F2CC33 /* RefreshArrow.png */ = {isa = PBXFileReference; lastKnownFileType = image.png; path = RefreshArrow.png; sourceTree = "<group>"; };
		18D93A8417DC2E1300F2CC33 /* RefreshArrow@2x.png */ = {isa = PBXFileReference; lastKnownFileType = image.png; path = "RefreshArrow@2x.png"; sourceTree = "<group>"; };
		18D93AA317DC839A00F2CC33 /* EGORefreshTableHeaderView.h */ = {isa = PBXFileReference; fileEncoding = 4; lastKnownFileType = sourcecode.c.h; path = EGORefreshTableHeaderView.h; sourceTree = "<group>"; };
		18D93AA417DC839A00F2CC33 /* EGORefreshTableHeaderView.m */ = {isa = PBXFileReference; fileEncoding = 4; lastKnownFileType = sourcecode.c.objc; path = EGORefreshTableHeaderView.m; sourceTree = "<group>"; };
		18DF281117E050E2008466F4 /* GGFilterViewController.h */ = {isa = PBXFileReference; fileEncoding = 4; lastKnownFileType = sourcecode.c.h; path = GGFilterViewController.h; sourceTree = "<group>"; };
		18DF281217E050E2008466F4 /* GGFilterViewController.m */ = {isa = PBXFileReference; fileEncoding = 4; lastKnownFileType = sourcecode.c.objc; path = GGFilterViewController.m; sourceTree = "<group>"; };
		18DF281317E050E2008466F4 /* GGFilterViewController.xib */ = {isa = PBXFileReference; fileEncoding = 4; lastKnownFileType = file.xib; path = GGFilterViewController.xib; sourceTree = "<group>"; };
		18DF281617E05497008466F4 /* FilterDataSource.h */ = {isa = PBXFileReference; fileEncoding = 4; lastKnownFileType = sourcecode.c.h; path = FilterDataSource.h; sourceTree = "<group>"; };
		18DF281717E05497008466F4 /* FilterDataSource.m */ = {isa = PBXFileReference; fileEncoding = 4; lastKnownFileType = sourcecode.c.objc; path = FilterDataSource.m; sourceTree = "<group>"; };
		492F2180B4DF4903B3FA911F /* libPods.a */ = {isa = PBXFileReference; explicitFileType = archive.ar; includeInIndex = 0; path = libPods.a; sourceTree = BUILT_PRODUCTS_DIR; };
		962A5487CA6E4853A66A551A /* Pods.xcconfig */ = {isa = PBXFileReference; includeInIndex = 1; lastKnownFileType = text.xcconfig; name = Pods.xcconfig; path = Pods/Pods.xcconfig; sourceTree = SOURCE_ROOT; };
/* End PBXFileReference section */

/* Begin PBXFrameworksBuildPhase section */
		182CED331792960500C23EB4 /* Frameworks */ = {
			isa = PBXFrameworksBuildPhase;
			buildActionMask = 2147483647;
			files = (
				1806B717179900CA0088234C /* QuartzCore.framework in Frameworks */,
				1806B6FC1798CF2C0088234C /* CoreData.framework in Frameworks */,
				182CED3A1792960500C23EB4 /* UIKit.framework in Frameworks */,
				182CED3C1792960500C23EB4 /* Foundation.framework in Frameworks */,
				182CED3E1792960500C23EB4 /* CoreGraphics.framework in Frameworks */,
				290A4B84453149ADB9B15F85 /* libPods.a in Frameworks */,
			);
			runOnlyForDeploymentPostprocessing = 0;
		};
/* End PBXFrameworksBuildPhase section */

/* Begin PBXGroup section */
		1806B719179901180088234C /* AppDelegate/主界面 */ = {
			isa = PBXGroup;
			children = (
				182CED481792960500C23EB4 /* AppDelegate.h */,
				182CED491792960500C23EB4 /* AppDelegate.m */,
				18359D8117B7614800A8B95E /* GGMainViewController.h */,
				18359D8217B7614800A8B95E /* GGMainViewController.m */,
			);
			name = "AppDelegate/主界面";
			sourceTree = "<group>";
		};
		1806B72D17991EEE0088234C /* TabBar */ = {
			isa = PBXGroup;
			children = (
				18359D8A17B7912600A8B95E /* 场次 */,
				182C6BC517BF2B9B005CA40A /* 我的 */,
				1851458F17C9A941009805E7 /* 更多 */,
			);
			name = TabBar;
			sourceTree = "<group>";
		};
		1829300417D47C4E00A085CB /* 买逻辑 */ = {
			isa = PBXGroup;
			children = (
				18292FF517D47C0000A085CB /* GGListingsViewController.h */,
				18292FF617D47C0000A085CB /* GGListingsViewController.m */,
				18292FF717D47C0100A085CB /* GGListingsViewController.xib */,
				18292FFA17D47C2A00A085CB /* GGBuyFirstViewController.h */,
				18292FFB17D47C2A00A085CB /* GGBuyFirstViewController.m */,
				18292FFC17D47C2B00A085CB /* GGBuyFirstViewController.xib */,
				18292FFF17D47C3800A085CB /* GGBuySecondViewController.h */,
				1829300017D47C3800A085CB /* GGBuySecondViewController.m */,
				1829300117D47C3800A085CB /* GGBuySecondViewController.xib */,
			);
			name = "买逻辑";
			sourceTree = "<group>";
		};
		182C6BC517BF2B9B005CA40A /* 我的 */ = {
			isa = PBXGroup;
			children = (
				182CED691792F70A00C23EB4 /* GGAccountViewController.h */,
				182CED6A1792F70A00C23EB4 /* GGAccountViewController.m */,
				182CED6B1792F70A00C23EB4 /* GGAccountViewController.xib */,
			);
			name = "我的";
			sourceTree = "<group>";
		};
		182CED2D1792960500C23EB4 = {
			isa = PBXGroup;
			children = (
				182CED3F1792960500C23EB4 /* GoGoPiao */,
				182CED381792960500C23EB4 /* Frameworks */,
				182CED371792960500C23EB4 /* Products */,
				962A5487CA6E4853A66A551A /* Pods.xcconfig */,
			);
			sourceTree = "<group>";
		};
		182CED371792960500C23EB4 /* Products */ = {
			isa = PBXGroup;
			children = (
				182CED361792960500C23EB4 /* GoGoPiao.app */,
			);
			name = Products;
			sourceTree = "<group>";
		};
		182CED381792960500C23EB4 /* Frameworks */ = {
			isa = PBXGroup;
			children = (
				1806B716179900CA0088234C /* QuartzCore.framework */,
				1806B6FB1798CF2C0088234C /* CoreData.framework */,
				182CED391792960500C23EB4 /* UIKit.framework */,
				182CED3B1792960500C23EB4 /* Foundation.framework */,
				182CED3D1792960500C23EB4 /* CoreGraphics.framework */,
				492F2180B4DF4903B3FA911F /* libPods.a */,
			);
			name = Frameworks;
			sourceTree = "<group>";
		};
		182CED3F1792960500C23EB4 /* GoGoPiao */ = {
			isa = PBXGroup;
			children = (
				187FE96317D5C872009A6C95 /* Constants.h */,
				187FE96417D5C872009A6C95 /* Constants.m */,
				18D93A8917DC2E1E00F2CC33 /* 刷新功能 */,
				1892D2CD17EBDE2C00436555 /* Categories */,
				18BEA59617A022EC005CB108 /* Delegate */,
				186A7796179D177E00240EDF /* Cells */,
				18957B6C17C863C800009FE9 /* CoreData */,
				1806B719179901180088234C /* AppDelegate/主界面 */,
				182CED781792FC9500C23EB4 /* ViewControllers */,
				182CED401792960500C23EB4 /* Supporting Files */,
				181F424817DD77C600C7CC0F /* EventTitleView.h */,
				181F424917DD77C600C7CC0F /* EventTitleView.m */,
				181F424B17DD77ED00C7CC0F /* EventTitleView.xib */,
			);
			path = GoGoPiao;
			sourceTree = "<group>";
		};
		182CED401792960500C23EB4 /* Supporting Files */ = {
			isa = PBXGroup;
			children = (
				18D93A8A17DC77A900F2CC33 /* Images */,
				182CED411792960500C23EB4 /* GoGoPiao-Info.plist */,
				182CED421792960500C23EB4 /* InfoPlist.strings */,
				182CED451792960500C23EB4 /* main.m */,
				182CED471792960500C23EB4 /* GoGoPiao-Prefix.pch */,
				182CED4B1792960500C23EB4 /* Default.png */,
				182CED4D1792960500C23EB4 /* Default@2x.png */,
				182CED4F1792960500C23EB4 /* Default-568h@2x.png */,
				1806B6FD1798CFD20088234C /* GoGoPiao.xcdatamodeld */,
			);
			name = "Supporting Files";
			sourceTree = "<group>";
		};
		182CED781792FC9500C23EB4 /* ViewControllers */ = {
			isa = PBXGroup;
			children = (
				1851458E17C9A73D009805E7 /* 登录注册 */,
				1806B72D17991EEE0088234C /* TabBar */,
			);
			name = ViewControllers;
			sourceTree = "<group>";
		};
		18359D8A17B7912600A8B95E /* 场次 */ = {
			isa = PBXGroup;
			children = (
				182CED6E1792F72100C23EB4 /* GGEventViewController.h */,
				182CED6F1792F72100C23EB4 /* GGEventViewController.m */,
				182CED701792F72100C23EB4 /* GGEventViewController.xib */,
				18DF281117E050E2008466F4 /* GGFilterViewController.h */,
				18DF281217E050E2008466F4 /* GGFilterViewController.m */,
				18DF281317E050E2008466F4 /* GGFilterViewController.xib */,
				18DF281617E05497008466F4 /* FilterDataSource.h */,
				18DF281717E05497008466F4 /* FilterDataSource.m */,
				18957B7217C8942100009FE9 /* 搜索逻辑 */,
				189F448B17B8CCA700D9275B /* 卖逻辑 */,
				1829300417D47C4E00A085CB /* 买逻辑 */,
			);
			name = "场次";
			sourceTree = "<group>";
		};
		1851458E17C9A73D009805E7 /* 登录注册 */ = {
			isa = PBXGroup;
			children = (
				18BEA58E179FC719005CB108 /* GGLoginViewController.h */,
				18BEA58F179FC719005CB108 /* GGLoginViewController.m */,
				18BEA590179FC719005CB108 /* GGLoginViewController.xib */,
				1806B7091798EDF50088234C /* GGRegisterViewController.h */,
				1806B70A1798EDF50088234C /* GGRegisterViewController.m */,
				1806B70B1798EDF50088234C /* GGRegisterViewController.xib */,
			);
			name = "登录注册";
			sourceTree = "<group>";
		};
		1851458F17C9A941009805E7 /* 更多 */ = {
			isa = PBXGroup;
			children = (
				18957B5F17C8511D00009FE9 /* GGMoreViewController.h */,
				18957B6017C8511D00009FE9 /* GGMoreViewController.m */,
				18957B6117C8511D00009FE9 /* GGMoreViewController.xib */,
			);
			name = "更多";
			sourceTree = "<group>";
		};
		186A7796179D177E00240EDF /* Cells */ = {
			isa = PBXGroup;
			children = (
				186A7793179D176A00240EDF /* GGEventsCell.h */,
				186A7794179D176A00240EDF /* GGEventsCell.m */,
				18843C2217D6F4960023490F /* GGEventsCell.xib */,
				189F448617B8C1F000D9275B /* GGListingsCell.h */,
				189F448717B8C1F000D9275B /* GGListingsCell.m */,
				189F448917B8C20300D9275B /* GGListingsCell.xib */,
				18D1523717BBB75B00841C11 /* GGEventSearchCell.h */,
				18D1523817BBB75B00841C11 /* GGEventSearchCell.m */,
				18D1523A17BBB76F00841C11 /* GGEventSearchCell.xib */,
			);
			name = Cells;
			sourceTree = "<group>";
		};
		1892D2CD17EBDE2C00436555 /* Categories */ = {
			isa = PBXGroup;
			children = (
				1892D2CA17EBDE1000436555 /* UIBarButtonItem+ProjectButton.h */,
				1892D2CB17EBDE1000436555 /* UIBarButtonItem+ProjectButton.m */,
				1892D2D017EBE70000436555 /* UISearchBar+ProjectSearchBar.h */,
				1892D2D117EBE70000436555 /* UISearchBar+ProjectSearchBar.m */,
				1892D2D317EC192500436555 /* NSString+Encryption.h */,
				1892D2D417EC192500436555 /* NSString+Encryption.m */,
			);
			name = Categories;
			sourceTree = "<group>";
		};
		18957B6C17C863C800009FE9 /* CoreData */ = {
			isa = PBXGroup;
			children = (
				18957B6917C863C200009FE9 /* EventSearched.h */,
				18957B6A17C863C200009FE9 /* EventSearched.m */,
			);
			name = CoreData;
			sourceTree = "<group>";
		};
		18957B7217C8942100009FE9 /* 搜索逻辑 */ = {
			isa = PBXGroup;
			children = (
				189F448117B8B96800D9275B /* GGEventSearchViewController.h */,
				189F448217B8B96800D9275B /* GGEventSearchViewController.m */,
				189F448317B8B96900D9275B /* GGEventSearchViewController.xib */,
				18957B6D17C8941600009FE9 /* GGEventSearchResultsViewController.h */,
				18957B6E17C8941700009FE9 /* GGEventSearchResultsViewController.m */,
				18957B6F17C8941700009FE9 /* GGEventSearchResultsViewController.xib */,
				1861D75617CF49D5009DD2EA /* GGChooseViewController.h */,
				1861D75717CF49D5009DD2EA /* GGChooseViewController.m */,
				1861D75817CF49D5009DD2EA /* GGChooseViewController.xib */,
			);
			name = "搜索逻辑";
			sourceTree = "<group>";
		};
		189F448B17B8CCA700D9275B /* 卖逻辑 */ = {
			isa = PBXGroup;
			children = (
				18359D7917B75F8100A8B95E /* GGSellingViewController.h */,
				18359D7A17B75F8100A8B95E /* GGSellingViewController.m */,
				18359D7B17B75F8200A8B95E /* GGSellingViewController.xib */,
				1829300517D4860E00A085CB /* GGSellFirstViewController.h */,
				1829300617D4860F00A085CB /* GGSellFirstViewController.m */,
				1829300717D4860F00A085CB /* GGSellFirstViewController.xib */,
				1829300A17D4861C00A085CB /* GGSellSecondViewController.h */,
				1829300B17D4861C00A085CB /* GGSellSecondViewController.m */,
				1829300C17D4861C00A085CB /* GGSellSecondViewController.xib */,
			);
			name = "卖逻辑";
			sourceTree = "<group>";
		};
		18BEA59617A022EC005CB108 /* Delegate */ = {
			isa = PBXGroup;
			children = (
				187ABECF17A2161200113C80 /* CYTableDataSource.h */,
				187ABED017A2161200113C80 /* CYTableDataSource.m */,
			);
			name = Delegate;
			sourceTree = "<group>";
		};
		18D269D217DEC046006B7B5B /* NavBar */ = {
			isa = PBXGroup;
			children = (
				18D26A0017DEC1BA006B7B5B /* nav_shadow.png */,
				18D26A0117DEC1BA006B7B5B /* nav_shadow@2x.png */,
				18D269FC17DEC15D006B7B5B /* nav_checkBtn.png */,
				18D269FD17DEC15D006B7B5B /* nav_checkBtn@2x.png */,
				18D269E717DEC0E3006B7B5B /* nav_info.png */,
				18D269E817DEC0E3006B7B5B /* nav_info@2x.png */,
				18D269D617DEC0AD006B7B5B /* nav_backBtn.png */,
				18D269D717DEC0AD006B7B5B /* nav_backBtn@2x.png */,
				181F420D17DD4A8B00C7CC0F /* nav_bg_line.png */,
				181F420E17DD4A8B00C7CC0F /* nav_bg_line@2x.png */,
				181F420F17DD4A8B00C7CC0F /* nav_bg.png */,
				181F421017DD4A8B00C7CC0F /* nav_bg@2x.png */,
				181F421117DD4A8B00C7CC0F /* nav_loginBtn.png */,
				181F421217DD4A8B00C7CC0F /* nav_loginBtn@2x.png */,
				181F421317DD4A8B00C7CC0F /* nav_searchBtn.png */,
				181F421417DD4A8B00C7CC0F /* nav_searchBtn@2x.png */,
				181F421517DD4A8B00C7CC0F /* nav_trl.png */,
				181F421617DD4A8B00C7CC0F /* nav_trl@2x.png */,
			);
			name = NavBar;
			sourceTree = "<group>";
		};
		18D269D317DEC050006B7B5B /* Segment */ = {
			isa = PBXGroup;
			children = (
				181F421717DD4A8B00C7CC0F /* seg_bg_line.png */,
				181F421817DD4A8B00C7CC0F /* seg_bg_line@2x.png */,
				18B8C07E17EF24D400DBBDE8 /* seg_normalBtn.png */,
				18B8C07F17EF24D400DBBDE8 /* seg_normalBtn@2x.png */,
				18B8C08017EF24D400DBBDE8 /* seg_selectedBtn.png */,
				18B8C08117EF24D400DBBDE8 /* seg_selectedBtn@2x.png */,
			);
			name = Segment;
			sourceTree = "<group>";
		};
		18D269D417DEC05C006B7B5B /* TabBar */ = {
			isa = PBXGroup;
			children = (
				18B8C07217EF246C00DBBDE8 /* icon_cc.png */,
				18B8C07317EF246C00DBBDE8 /* icon_cc@2x.png */,
				18B8C07417EF246C00DBBDE8 /* icon_mr.png */,
				18B8C07517EF246C00DBBDE8 /* icon_mr@2x.png */,
				18B8C07617EF246C00DBBDE8 /* icon_wd.png */,
				18B8C07717EF246C00DBBDE8 /* icon_wd@2x.png */,
				18D26A0417DEC1D4006B7B5B /* tab_indicator.png */,
				18D26A0517DEC1D4006B7B5B /* tab_indicator@2x.png */,
				181F421D17DD4A8B00C7CC0F /* tab_bg.png */,
				181F421E17DD4A8B00C7CC0F /* tab_bg@2x.png */,
			);
			name = TabBar;
			sourceTree = "<group>";
		};
		18D269D517DEC064006B7B5B /* TableCell */ = {
			isa = PBXGroup;
			children = (
				181F422517DD4A8B00C7CC0F /* table_cell_selected.png */,
				181F422617DD4A8B00C7CC0F /* table_cell_selected@2x.png */,
				181F422717DD4A8B00C7CC0F /* table_cell.png */,
				181F422817DD4A8B00C7CC0F /* table_cell@2x.png */,
			);
			name = TableCell;
			sourceTree = "<group>";
		};
		18D269E617DEC0C1006B7B5B /* SearchBar */ = {
			isa = PBXGroup;
			children = (
				184E750117EBEA0C007963F1 /* search_barBg.png */,
				184E750217EBEA0C007963F1 /* search_barBg@2x.png */,
				184E750317EBEA0C007963F1 /* search_barIcon.png */,
				184E750417EBEA0C007963F1 /* search_barIcon@2x.png */,
				18D269DC17DEC0BC006B7B5B /* search_bg_line.png */,
				18D269DD17DEC0BC006B7B5B /* search_bg_line@2x.png */,
				18D269DE17DEC0BC006B7B5B /* search_bg.png */,
				18D269DF17DEC0BC006B7B5B /* search_bg@2x.png */,
			);
			name = SearchBar;
			sourceTree = "<group>";
		};
		18D269FB17DEC0FC006B7B5B /* Buy&Sell */ = {
			isa = PBXGroup;
			children = (
				18D269EB17DEC0F6006B7B5B /* buyBtn_nocv.png */,
				18D269EC17DEC0F6006B7B5B /* buyBtn_nocv@2x.png */,
				18D269ED17DEC0F6006B7B5B /* buyBtn.png */,
				18D269EE17DEC0F6006B7B5B /* buyBtn@2x.png */,
				18D269EF17DEC0F6006B7B5B /* saleBtn_nocv.png */,
				18D269F017DEC0F6006B7B5B /* saleBtn_nocv@2x.png */,
				18D269F117DEC0F6006B7B5B /* saleBtn.png */,
				18D269F217DEC0F6006B7B5B /* saleBtn@2x.png */,
			);
			name = "Buy&Sell";
			sourceTree = "<group>";
		};
		18D93A8917DC2E1E00F2CC33 /* 刷新功能 */ = {
			isa = PBXGroup;
			children = (
				18D93AA317DC839A00F2CC33 /* EGORefreshTableHeaderView.h */,
				18D93AA417DC839A00F2CC33 /* EGORefreshTableHeaderView.m */,
				18D93A8317DC2E1300F2CC33 /* RefreshArrow.png */,
				18D93A8417DC2E1300F2CC33 /* RefreshArrow@2x.png */,
			);
			name = "刷新功能";
			sourceTree = "<group>";
		};
		18D93A8A17DC77A900F2CC33 /* Images */ = {
			isa = PBXGroup;
			children = (
				18D26A0A17DF0B68006B7B5B /* img_placeholder.png */,
				18B8C06E17EF23C500DBBDE8 /* cancelWhite.png */,
				18B8C06F17EF23C500DBBDE8 /* cancelWhite@2x.png */,
				18D269FB17DEC0FC006B7B5B /* Buy&Sell */,
				18D269E617DEC0C1006B7B5B /* SearchBar */,
				18D269D217DEC046006B7B5B /* NavBar */,
				18D269D317DEC050006B7B5B /* Segment */,
				18D269D417DEC05C006B7B5B /* TabBar */,
				18D269D517DEC064006B7B5B /* TableCell */,
			);
			name = Images;
			sourceTree = "<group>";
		};
/* End PBXGroup section */

/* Begin PBXNativeTarget section */
		182CED351792960500C23EB4 /* GoGoPiao */ = {
			isa = PBXNativeTarget;
			buildConfigurationList = 182CED591792960500C23EB4 /* Build configuration list for PBXNativeTarget "GoGoPiao" */;
			buildPhases = (
				6DEEBA0B310E4D6984E33DDC /* Check Pods Manifest.lock */,
				182CED321792960500C23EB4 /* Sources */,
				182CED331792960500C23EB4 /* Frameworks */,
				182CED341792960500C23EB4 /* Resources */,
				E766E4F876424FFCA796EE94 /* Copy Pods Resources */,
			);
			buildRules = (
			);
			dependencies = (
			);
			name = GoGoPiao;
			productName = GoGoPiao;
			productReference = 182CED361792960500C23EB4 /* GoGoPiao.app */;
			productType = "com.apple.product-type.application";
		};
/* End PBXNativeTarget section */

/* Begin PBXProject section */
		182CED2E1792960500C23EB4 /* Project object */ = {
			isa = PBXProject;
			attributes = {
				LastUpgradeCheck = 0460;
				ORGANIZATIONNAME = "Cho-Yeung Lam";
				TargetAttributes = {
					182CED351792960500C23EB4 = {
						DevelopmentTeam = YPP93L48Z5;
					};
				};
			};
			buildConfigurationList = 182CED311792960500C23EB4 /* Build configuration list for PBXProject "GoGoPiao" */;
			compatibilityVersion = "Xcode 3.2";
			developmentRegion = English;
			hasScannedForEncodings = 0;
			knownRegions = (
				en,
			);
			mainGroup = 182CED2D1792960500C23EB4;
			productRefGroup = 182CED371792960500C23EB4 /* Products */;
			projectDirPath = "";
			projectRoot = "";
			targets = (
				182CED351792960500C23EB4 /* GoGoPiao */,
			);
		};
/* End PBXProject section */

/* Begin PBXResourcesBuildPhase section */
		182CED341792960500C23EB4 /* Resources */ = {
			isa = PBXResourcesBuildPhase;
			buildActionMask = 2147483647;
			files = (
				182CED441792960500C23EB4 /* InfoPlist.strings in Resources */,
				182CED4C1792960500C23EB4 /* Default.png in Resources */,
				18B8C08517EF24D400DBBDE8 /* seg_selectedBtn@2x.png in Resources */,
				182CED4E1792960500C23EB4 /* Default@2x.png in Resources */,
				182CED501792960500C23EB4 /* Default-568h@2x.png in Resources */,
				182CED6D1792F70A00C23EB4 /* GGAccountViewController.xib in Resources */,
				182CED721792F72100C23EB4 /* GGEventViewController.xib in Resources */,
				1806B70D1798EDF50088234C /* GGRegisterViewController.xib in Resources */,
				18BEA592179FC719005CB108 /* GGLoginViewController.xib in Resources */,
				18359D7D17B75F8200A8B95E /* GGSellingViewController.xib in Resources */,
				189F448517B8B96900D9275B /* GGEventSearchViewController.xib in Resources */,
				18B8C07D17EF246C00DBBDE8 /* icon_wd@2x.png in Resources */,
				189F448A17B8C20300D9275B /* GGListingsCell.xib in Resources */,
				184E750717EBEA0C007963F1 /* search_barIcon.png in Resources */,
				18B8C07A17EF246C00DBBDE8 /* icon_mr.png in Resources */,
				18D1523B17BBB76F00841C11 /* GGEventSearchCell.xib in Resources */,
				18957B6317C8511D00009FE9 /* GGMoreViewController.xib in Resources */,
				18957B7117C8941800009FE9 /* GGEventSearchResultsViewController.xib in Resources */,
				1861D75A17CF49D5009DD2EA /* GGChooseViewController.xib in Resources */,
				18292FF917D47C0100A085CB /* GGListingsViewController.xib in Resources */,
				18292FFE17D47C2B00A085CB /* GGBuyFirstViewController.xib in Resources */,
				1829300317D47C3900A085CB /* GGBuySecondViewController.xib in Resources */,
				1829300917D4860F00A085CB /* GGSellFirstViewController.xib in Resources */,
				1829300E17D4861C00A085CB /* GGSellSecondViewController.xib in Resources */,
				18843C2317D6F4960023490F /* GGEventsCell.xib in Resources */,
				18D93A8717DC2E1300F2CC33 /* RefreshArrow.png in Resources */,
				18D93A8817DC2E1300F2CC33 /* RefreshArrow@2x.png in Resources */,
				181F422917DD4A8B00C7CC0F /* nav_bg_line.png in Resources */,
				181F422A17DD4A8B00C7CC0F /* nav_bg_line@2x.png in Resources */,
				18B8C08317EF24D400DBBDE8 /* seg_normalBtn@2x.png in Resources */,
				181F422B17DD4A8B00C7CC0F /* nav_bg.png in Resources */,
				18B8C07817EF246C00DBBDE8 /* icon_cc.png in Resources */,
				181F422C17DD4A8B00C7CC0F /* nav_bg@2x.png in Resources */,
				181F422D17DD4A8B00C7CC0F /* nav_loginBtn.png in Resources */,
				181F422E17DD4A8B00C7CC0F /* nav_loginBtn@2x.png in Resources */,
				181F422F17DD4A8B00C7CC0F /* nav_searchBtn.png in Resources */,
				181F423017DD4A8B00C7CC0F /* nav_searchBtn@2x.png in Resources */,
				181F423117DD4A8B00C7CC0F /* nav_trl.png in Resources */,
				181F423217DD4A8B00C7CC0F /* nav_trl@2x.png in Resources */,
				18B8C07917EF246C00DBBDE8 /* icon_cc@2x.png in Resources */,
				181F423317DD4A8B00C7CC0F /* seg_bg_line.png in Resources */,
				181F423417DD4A8B00C7CC0F /* seg_bg_line@2x.png in Resources */,
				18B8C07117EF23C500DBBDE8 /* cancelWhite@2x.png in Resources */,
				184E750617EBEA0C007963F1 /* search_barBg@2x.png in Resources */,
				181F423917DD4A8B00C7CC0F /* tab_bg.png in Resources */,
				181F423A17DD4A8B00C7CC0F /* tab_bg@2x.png in Resources */,
				181F424117DD4A8B00C7CC0F /* table_cell_selected.png in Resources */,
				181F424217DD4A8B00C7CC0F /* table_cell_selected@2x.png in Resources */,
				181F424317DD4A8B00C7CC0F /* table_cell.png in Resources */,
				18B8C08217EF24D400DBBDE8 /* seg_normalBtn.png in Resources */,
				181F424417DD4A8B00C7CC0F /* table_cell@2x.png in Resources */,
				181F424C17DD77ED00C7CC0F /* EventTitleView.xib in Resources */,
				18D269D817DEC0AD006B7B5B /* nav_backBtn.png in Resources */,
				18D269D917DEC0AD006B7B5B /* nav_backBtn@2x.png in Resources */,
				18D269E217DEC0BC006B7B5B /* search_bg_line.png in Resources */,
				18D269E317DEC0BC006B7B5B /* search_bg_line@2x.png in Resources */,
				18D269E417DEC0BC006B7B5B /* search_bg.png in Resources */,
				18D269E517DEC0BC006B7B5B /* search_bg@2x.png in Resources */,
				18B8C07C17EF246C00DBBDE8 /* icon_wd.png in Resources */,
				18D269E917DEC0E3006B7B5B /* nav_info.png in Resources */,
				18D269EA17DEC0E3006B7B5B /* nav_info@2x.png in Resources */,
				18B8C08417EF24D400DBBDE8 /* seg_selectedBtn.png in Resources */,
				18D269F317DEC0F6006B7B5B /* buyBtn_nocv.png in Resources */,
				18D269F417DEC0F6006B7B5B /* buyBtn_nocv@2x.png in Resources */,
				18D269F517DEC0F6006B7B5B /* buyBtn.png in Resources */,
				18D269F617DEC0F6006B7B5B /* buyBtn@2x.png in Resources */,
				18D269F717DEC0F6006B7B5B /* saleBtn_nocv.png in Resources */,
				18D269F817DEC0F6006B7B5B /* saleBtn_nocv@2x.png in Resources */,
				18B8C07B17EF246C00DBBDE8 /* icon_mr@2x.png in Resources */,
				18D269F917DEC0F6006B7B5B /* saleBtn.png in Resources */,
				18B8C07017EF23C500DBBDE8 /* cancelWhite.png in Resources */,
				184E750517EBEA0C007963F1 /* search_barBg.png in Resources */,
				184E750817EBEA0C007963F1 /* search_barIcon@2x.png in Resources */,
				18D269FA17DEC0F6006B7B5B /* saleBtn@2x.png in Resources */,
				18D269FE17DEC15D006B7B5B /* nav_checkBtn.png in Resources */,
				18D269FF17DEC15D006B7B5B /* nav_checkBtn@2x.png in Resources */,
				18D26A0217DEC1BA006B7B5B /* nav_shadow.png in Resources */,
				18D26A0317DEC1BA006B7B5B /* nav_shadow@2x.png in Resources */,
				18D26A0617DEC1D4006B7B5B /* tab_indicator.png in Resources */,
				18D26A0717DEC1D4006B7B5B /* tab_indicator@2x.png in Resources */,
				18D26A0B17DF0B69006B7B5B /* img_placeholder.png in Resources */,
				18DF281517E050E2008466F4 /* GGFilterViewController.xib in Resources */,
			);
			runOnlyForDeploymentPostprocessing = 0;
		};
/* End PBXResourcesBuildPhase section */

/* Begin PBXShellScriptBuildPhase section */
		6DEEBA0B310E4D6984E33DDC /* Check Pods Manifest.lock */ = {
			isa = PBXShellScriptBuildPhase;
			buildActionMask = 2147483647;
			files = (
			);
			inputPaths = (
			);
			name = "Check Pods Manifest.lock";
			outputPaths = (
			);
			runOnlyForDeploymentPostprocessing = 0;
			shellPath = /bin/sh;
			shellScript = "diff \"${PODS_ROOT}/../Podfile.lock\" \"${PODS_ROOT}/Manifest.lock\" > /dev/null\nif [[ $? != 0 ]] ; then\n    cat << EOM\nerror: The sandbox is not in sync with the Podfile.lock. Run 'pod install' or update your CocoaPods installation.\nEOM\n    exit 1\nfi\n";
			showEnvVarsInLog = 0;
		};
		E766E4F876424FFCA796EE94 /* Copy Pods Resources */ = {
			isa = PBXShellScriptBuildPhase;
			buildActionMask = 2147483647;
			files = (
			);
			inputPaths = (
			);
			name = "Copy Pods Resources";
			outputPaths = (
			);
			runOnlyForDeploymentPostprocessing = 0;
			shellPath = /bin/sh;
			shellScript = "\"${SRCROOT}/Pods/Pods-resources.sh\"\n";
			showEnvVarsInLog = 0;
		};
/* End PBXShellScriptBuildPhase section */

/* Begin PBXSourcesBuildPhase section */
		182CED321792960500C23EB4 /* Sources */ = {
			isa = PBXSourcesBuildPhase;
			buildActionMask = 2147483647;
			files = (
				182CED461792960500C23EB4 /* main.m in Sources */,
				182CED4A1792960500C23EB4 /* AppDelegate.m in Sources */,
				182CED6C1792F70A00C23EB4 /* GGAccountViewController.m in Sources */,
				182CED711792F72100C23EB4 /* GGEventViewController.m in Sources */,
				1806B6FF1798CFD20088234C /* GoGoPiao.xcdatamodeld in Sources */,
				1806B70C1798EDF50088234C /* GGRegisterViewController.m in Sources */,
				186A7795179D176A00240EDF /* GGEventsCell.m in Sources */,
				18BEA591179FC719005CB108 /* GGLoginViewController.m in Sources */,
				187ABED117A2161200113C80 /* CYTableDataSource.m in Sources */,
				18359D7C17B75F8200A8B95E /* GGSellingViewController.m in Sources */,
				18359D8317B7614800A8B95E /* GGMainViewController.m in Sources */,
				189F448417B8B96900D9275B /* GGEventSearchViewController.m in Sources */,
				189F448817B8C1F000D9275B /* GGListingsCell.m in Sources */,
				18D1523917BBB75B00841C11 /* GGEventSearchCell.m in Sources */,
				18957B6217C8511D00009FE9 /* GGMoreViewController.m in Sources */,
				18957B6B17C863C200009FE9 /* EventSearched.m in Sources */,
				18957B7017C8941800009FE9 /* GGEventSearchResultsViewController.m in Sources */,
				1861D75917CF49D5009DD2EA /* GGChooseViewController.m in Sources */,
				18292FF817D47C0100A085CB /* GGListingsViewController.m in Sources */,
				18292FFD17D47C2B00A085CB /* GGBuyFirstViewController.m in Sources */,
				1829300217D47C3900A085CB /* GGBuySecondViewController.m in Sources */,
				1829300817D4860F00A085CB /* GGSellFirstViewController.m in Sources */,
				1829300D17D4861C00A085CB /* GGSellSecondViewController.m in Sources */,
				187FE96517D5C872009A6C95 /* Constants.m in Sources */,
				18D93AA517DC839A00F2CC33 /* EGORefreshTableHeaderView.m in Sources */,
				181F424A17DD77C600C7CC0F /* EventTitleView.m in Sources */,
				18DF281417E050E2008466F4 /* GGFilterViewController.m in Sources */,
				18DF281817E05497008466F4 /* FilterDataSource.m in Sources */,
				1892D2CC17EBDE1000436555 /* UIBarButtonItem+ProjectButton.m in Sources */,
				1892D2D217EBE70000436555 /* UISearchBar+ProjectSearchBar.m in Sources */,
				1892D2D517EC192500436555 /* NSString+Encryption.m in Sources */,
			);
			runOnlyForDeploymentPostprocessing = 0;
		};
/* End PBXSourcesBuildPhase section */

/* Begin PBXVariantGroup section */
		182CED421792960500C23EB4 /* InfoPlist.strings */ = {
			isa = PBXVariantGroup;
			children = (
				182CED431792960500C23EB4 /* en */,
			);
			name = InfoPlist.strings;
			sourceTree = "<group>";
		};
/* End PBXVariantGroup section */

/* Begin XCBuildConfiguration section */
		182CED571792960500C23EB4 /* Debug */ = {
			isa = XCBuildConfiguration;
			buildSettings = {
				ALWAYS_SEARCH_USER_PATHS = NO;
				CLANG_CXX_LANGUAGE_STANDARD = "gnu++0x";
				CLANG_CXX_LIBRARY = "libc++";
				CLANG_ENABLE_OBJC_ARC = YES;
				CLANG_WARN_CONSTANT_CONVERSION = YES;
				CLANG_WARN_EMPTY_BODY = YES;
				CLANG_WARN_ENUM_CONVERSION = YES;
				CLANG_WARN_INT_CONVERSION = YES;
				CLANG_WARN__DUPLICATE_METHOD_MATCH = YES;
				"CODE_SIGN_IDENTITY[sdk=iphoneos*]" = "iPhone Developer";
				COPY_PHASE_STRIP = NO;
				GCC_C_LANGUAGE_STANDARD = gnu99;
				GCC_DYNAMIC_NO_PIC = NO;
				GCC_OPTIMIZATION_LEVEL = 0;
				GCC_PREPROCESSOR_DEFINITIONS = (
					"DEBUG=1",
					"$(inherited)",
				);
				GCC_SYMBOLS_PRIVATE_EXTERN = NO;
				GCC_WARN_ABOUT_RETURN_TYPE = YES;
				GCC_WARN_UNINITIALIZED_AUTOS = YES;
				GCC_WARN_UNUSED_VARIABLE = YES;
				IPHONEOS_DEPLOYMENT_TARGET = 6.1;
				ONLY_ACTIVE_ARCH = YES;
				RUN_CLANG_STATIC_ANALYZER = YES;
				SDKROOT = iphoneos6.1;
				VALIDATE_PRODUCT = YES;
			};
			name = Debug;
		};
		182CED581792960500C23EB4 /* Release */ = {
			isa = XCBuildConfiguration;
			buildSettings = {
				ALWAYS_SEARCH_USER_PATHS = NO;
				CLANG_CXX_LANGUAGE_STANDARD = "gnu++0x";
				CLANG_CXX_LIBRARY = "libc++";
				CLANG_ENABLE_OBJC_ARC = YES;
				CLANG_WARN_CONSTANT_CONVERSION = YES;
				CLANG_WARN_EMPTY_BODY = YES;
				CLANG_WARN_ENUM_CONVERSION = YES;
				CLANG_WARN_INT_CONVERSION = YES;
				CLANG_WARN__DUPLICATE_METHOD_MATCH = YES;
				"CODE_SIGN_IDENTITY[sdk=iphoneos*]" = "iPhone Developer";
				COPY_PHASE_STRIP = YES;
				GCC_C_LANGUAGE_STANDARD = gnu99;
				GCC_WARN_ABOUT_RETURN_TYPE = YES;
				GCC_WARN_UNINITIALIZED_AUTOS = YES;
				GCC_WARN_UNUSED_VARIABLE = YES;
				IPHONEOS_DEPLOYMENT_TARGET = 6.1;
				OTHER_CFLAGS = "-DNS_BLOCK_ASSERTIONS=1";
				RUN_CLANG_STATIC_ANALYZER = YES;
				SDKROOT = iphoneos6.1;
				VALIDATE_PRODUCT = YES;
			};
			name = Release;
		};
		182CED5A1792960500C23EB4 /* Debug */ = {
			isa = XCBuildConfiguration;
			baseConfigurationReference = 962A5487CA6E4853A66A551A /* Pods.xcconfig */;
			buildSettings = {
				CODE_SIGN_IDENTITY = "iPhone Developer";
				"CODE_SIGN_IDENTITY[sdk=iphoneos*]" = "iPhone Developer";
				GCC_PRECOMPILE_PREFIX_HEADER = YES;
				GCC_PREFIX_HEADER = "GoGoPiao/GoGoPiao-Prefix.pch";
				INFOPLIST_FILE = "GoGoPiao/GoGoPiao-Info.plist";
				IPHONEOS_DEPLOYMENT_TARGET = 7.0;
				PRODUCT_NAME = "$(TARGET_NAME)";
				PROVISIONING_PROFILE = "";
				SDKROOT = iphoneos7.0;
				USER_HEADER_SEARCH_PATHS = "${SRCROOT}/**";
				WRAPPER_EXTENSION = app;
			};
			name = Debug;
		};
		182CED5B1792960500C23EB4 /* Release */ = {
			isa = XCBuildConfiguration;
			baseConfigurationReference = 962A5487CA6E4853A66A551A /* Pods.xcconfig */;
			buildSettings = {
				CODE_SIGN_IDENTITY = "iPhone Developer";
				"CODE_SIGN_IDENTITY[sdk=iphoneos*]" = "iPhone Developer";
				GCC_PRECOMPILE_PREFIX_HEADER = YES;
				GCC_PREFIX_HEADER = "GoGoPiao/GoGoPiao-Prefix.pch";
				INFOPLIST_FILE = "GoGoPiao/GoGoPiao-Info.plist";
				IPHONEOS_DEPLOYMENT_TARGET = 7.0;
				PRODUCT_NAME = "$(TARGET_NAME)";
				PROVISIONING_PROFILE = "";
				SDKROOT = iphoneos7.0;
				USER_HEADER_SEARCH_PATHS = "${SRCROOT}/**";
				WRAPPER_EXTENSION = app;
			};
			name = Release;
		};
/* End XCBuildConfiguration section */

/* Begin XCConfigurationList section */
		182CED311792960500C23EB4 /* Build configuration list for PBXProject "GoGoPiao" */ = {
			isa = XCConfigurationList;
			buildConfigurations = (
				182CED571792960500C23EB4 /* Debug */,
				182CED581792960500C23EB4 /* Release */,
			);
			defaultConfigurationIsVisible = 0;
			defaultConfigurationName = Release;
		};
		182CED591792960500C23EB4 /* Build configuration list for PBXNativeTarget "GoGoPiao" */ = {
			isa = XCConfigurationList;
			buildConfigurations = (
				182CED5A1792960500C23EB4 /* Debug */,
				182CED5B1792960500C23EB4 /* Release */,
			);
			defaultConfigurationIsVisible = 0;
			defaultConfigurationName = Release;
		};
/* End XCConfigurationList section */

/* Begin XCVersionGroup section */
		1806B6FD1798CFD20088234C /* GoGoPiao.xcdatamodeld */ = {
			isa = XCVersionGroup;
			children = (
				1806B6FE1798CFD20088234C /* GoGoPiao.xcdatamodel */,
			);
			currentVersion = 1806B6FE1798CFD20088234C /* GoGoPiao.xcdatamodel */;
			path = GoGoPiao.xcdatamodeld;
			sourceTree = SOURCE_ROOT;
			versionGroupType = wrapper.xcdatamodel;
		};
/* End XCVersionGroup section */
	};
	rootObject = 182CED2E1792960500C23EB4 /* Project object */;
}
